
Microsoft Visual Studio Solution File, Format Version 12.00
# Visual Studio Version 17
VisualStudioVersion = 17.5.2.0
MinimumVisualStudioVersion = 10.0.40219.1
Project("{FAE04EC0-301F-11D3-BF4B-00C04F79EFBC}") = "MiniMartPOS", "MiniMartPOS.csproj", "{863ACE86-1907-EC66-D31D-5863A3F129DC}"
EndProject
Project("{2150E333-8FDC-42A3-9474-1A3956D46DE8}") = "tests", "tests", "{0AB3BF05-4346-4AA6-1389-037BE0695223}"
EndProject
Project("{FAE04EC0-301F-11D3-BF4B-00C04F79EFBC}") = "MiniMartPOS.Tests", "tests\MiniMartPOS.Tests\MiniMartPOS.Tests.csproj", "{B0B51ECA-08B9-4B3B-A4D7-7DB457582B31}"
EndProject
Global
	GlobalSection(SolutionConfigurationPlatforms) = preSolution
		Debug|Any CPU = Debug|Any CPU
		Debug|x64 = Debug|x64
		Debug|x86 = Debug|x86
		Release|Any CPU = Release|Any CPU
		Release|x64 = Release|x64
		Release|x86 = Release|x86
	EndGlobalSection
	GlobalSection(ProjectConfigurationPlatforms) = postSolution
		{863ACE86-1907-EC66-D31D-5863A3F129DC}.Debug|Any CPU.ActiveCfg = Debug|Any CPU
		{863ACE86-1907-EC66-D31D-5863A3F129DC}.Debug|Any CPU.Build.0 = Debug|Any CPU
		{863ACE86-1907-EC66-D31D-5863A3F129DC}.Debug|x64.ActiveCfg = Debug|Any CPU
		{863ACE86-1907-EC66-D31D-5863A3F129DC}.Debug|x64.Build.0 = Debug|Any CPU
		{863ACE86-1907-EC66-D31D-5863A3F129DC}.Debug|x86.ActiveCfg = Debug|Any CPU
		{863ACE86-1907-EC66-D31D-5863A3F129DC}.Debug|x86.Build.0 = Debug|Any CPU
		{863ACE86-1907-EC66-D31D-5863A3F129DC}.Release|Any CPU.ActiveCfg = Release|Any CPU
		{863ACE86-1907-EC66-D31D-5863A3F129DC}.Release|Any CPU.Build.0 = Release|Any CPU
		{863ACE86-1907-EC66-D31D-5863A3F129DC}.Release|x64.ActiveCfg = Release|Any CPU
		{863ACE86-1907-EC66-D31D-5863A3F129DC}.Release|x64.Build.0 = Release|Any CPU
		{863ACE86-1907-EC66-D31D-5863A3F129DC}.Release|x86.ActiveCfg = Release|Any CPU
		{863ACE86-1907-EC66-D31D-5863A3F129DC}.Release|x86.Build.0 = Release|Any CPU
		{B0B51ECA-08B9-4B3B-A4D7-7DB457582B31}.Debug|Any CPU.ActiveCfg = Debug|Any CPU
		{B0B51ECA-08B9-4B3B-A4D7-7DB457582B31}.Debug|Any CPU.Build.0 = Debug|Any CPU
		{B0B51ECA-08B9-4B3B-A4D7-7DB457582B31}.Debug|x64.ActiveCfg = Debug|Any CPU
		{B0B51ECA-08B9-4B3B-A4D7-7DB457582B31}.Debug|x64.Build.0 = Debug|Any CPU
		{B0B51ECA-08B9-4B3B-A4D7-7DB457582B31}.Debug|x86.ActiveCfg = Debug|Any CPU
		{B0B51ECA-08B9-4B3B-A4D7-7DB457582B31}.Debug|x86.Build.0 = Debug|Any CPU
		{B0B51ECA-08B9-4B3B-A4D7-7DB457582B31}.Release|Any CPU.ActiveCfg = Release|Any CPU
		{B0B51ECA-08B9-4B3B-A4D7-7DB457582B31}.Release|Any CPU.Build.0 = Release|Any CPU
		{B0B51ECA-08B9-4B3B-A4D7-7DB457582B31}.Release|x64.ActiveCfg = Release|Any CPU
		{B0B51ECA-08B9-4B3B-A4D7-7DB457582B31}.Release|x64.Build.0 = Release|Any CPU
		{B0B51ECA-08B9-4B3B-A4D7-7DB457582B31}.Release|x86.ActiveCfg = Release|Any CPU
		{B0B51ECA-08B9-4B3B-A4D7-7DB457582B31}.Release|x86.Build.0 = Release|Any CPU
	EndGlobalSection
	GlobalSection(SolutionProperties) = preSolution
		HideSolutionNode = FALSE
	EndGlobalSection
	GlobalSection(NestedProjects) = preSolution
		{B0B51ECA-08B9-4B3B-A4D7-7DB457582B31} = {0AB3BF05-4346-4AA6-1389-037BE0695223}
	EndGlobalSection
	GlobalSection(ExtensibilityGlobals) = postSolution
		SolutionGuid = {054DE77F-1C45-4488-81CA-5C4EF02D6287}
	EndGlobalSection
EndGlobal
